
Microsoft Visual Studio Solution File, Format Version 12.00
# Visual Studio Version 17
VisualStudioVersion = 17.2.32526.322
MinimumVisualStudioVersion = 10.0.40219.1
Project("{FAE04EC0-301F-11D3-BF4B-00C04F79EFBC}") = "ASPNetcoreEF", "ASPNetcoreEF\ASPNetcoreEF.csproj", "{6645AFA9-075B-4C7E-85FB-FE35FA46083F}"
EndProject
Project("{FAE04EC0-301F-11D3-BF4B-00C04F79EFBC}") = "AspnetCore-Demo3", "AspnetCore-Demo3\AspnetCore-Demo3.csproj", "{9186BA0D-DCD6-4CEB-ABD9-AEF34A6E21C2}"
EndProject
Global
	GlobalSection(SolutionConfigurationPlatforms) = preSolution
		Debug|Any CPU = Debug|Any CPU
		Release|Any CPU = Release|Any CPU
	EndGlobalSection
	GlobalSection(ProjectConfigurationPlatforms) = postSolution
		{6645AFA9-075B-4C7E-85FB-FE35FA46083F}.Debug|Any CPU.ActiveCfg = Debug|Any CPU
		{6645AFA9-075B-4C7E-85FB-FE35FA46083F}.Debug|Any CPU.Build.0 = Debug|Any CPU
		{6645AFA9-075B-4C7E-85FB-FE35FA46083F}.Release|Any CPU.ActiveCfg = Release|Any CPU
		{6645AFA9-075B-4C7E-85FB-FE35FA46083F}.Release|Any CPU.Build.0 = Release|Any CPU
		{9186BA0D-DCD6-4CEB-ABD9-AEF34A6E21C2}.Debug|Any CPU.ActiveCfg = Debug|Any CPU
		{9186BA0D-DCD6-4CEB-ABD9-AEF34A6E21C2}.Debug|Any CPU.Build.0 = Debug|Any CPU
		{9186BA0D-DCD6-4CEB-ABD9-AEF34A6E21C2}.Release|Any CPU.ActiveCfg = Release|Any CPU
		{9186BA0D-DCD6-4CEB-ABD9-AEF34A6E21C2}.Release|Any CPU.Build.0 = Release|Any CPU
	EndGlobalSection
	GlobalSection(SolutionProperties) = preSolution
		HideSolutionNode = FALSE
	EndGlobalSection
	GlobalSection(ExtensibilityGlobals) = postSolution
		SolutionGuid = {0226F1A2-9490-4960-B15A-A80266D08C49}
	EndGlobalSection
EndGlobal
